
Microsoft Visual Studio Solution File, Format Version 12.00
# Visual Studio Version 16
VisualStudioVersion = 16.0.34031.81
MinimumVisualStudioVersion = 10.0.40219.1
Project("{8BC9CEB8-8B4A-11D0-8D11-00A0C91BC942}") = "wmark", "wmark\wmark.vcxproj", "{FB899F11-D92B-421D-8756-046FB5C32645}"
EndProject
Global
	GlobalSection(SolutionConfigurationPlatforms) = preSolution
		Debug|Win32 = Debug|Win32
		Debug|x64 = Debug|x64
		Release|Win32 = Release|Win32
		Release|x64 = Release|x64
		test1|Win32 = test1|Win32
		test1|x64 = test1|x64
	EndGlobalSection
	GlobalSection(ProjectConfigurationPlatforms) = postSolution
		{FB899F11-D92B-421D-8756-046FB5C32645}.Debug|Win32.ActiveCfg = Debug|Win32
		{FB899F11-D92B-421D-8756-046FB5C32645}.Debug|Win32.Build.0 = Debug|Win32
		{FB899F11-D92B-421D-8756-046FB5C32645}.Debug|x64.ActiveCfg = Debug|x64
		{FB899F11-D92B-421D-8756-046FB5C32645}.Debug|x64.Build.0 = Debug|x64
		{FB899F11-D92B-421D-8756-046FB5C32645}.Release|Win32.ActiveCfg = Release|Win32
		{FB899F11-D92B-421D-8756-046FB5C32645}.Release|Win32.Build.0 = Release|Win32
		{FB899F11-D92B-421D-8756-046FB5C32645}.Release|x64.ActiveCfg = Release|x64
		{FB899F11-D92B-421D-8756-046FB5C32645}.Release|x64.Build.0 = Release|x64
		{FB899F11-D92B-421D-8756-046FB5C32645}.test1|Win32.ActiveCfg = Release|Win32
		{FB899F11-D92B-421D-8756-046FB5C32645}.test1|Win32.Build.0 = Release|Win32
		{FB899F11-D92B-421D-8756-046FB5C32645}.test1|x64.ActiveCfg = Debug|x64
		{FB899F11-D92B-421D-8756-046FB5C32645}.test1|x64.Build.0 = Debug|x64
	EndGlobalSection
	GlobalSection(SolutionProperties) = preSolution
		HideSolutionNode = FALSE
	EndGlobalSection
	GlobalSection(ExtensibilityGlobals) = postSolution
		SolutionGuid = {34CD4048-0EE7-4A3B-849B-10CABBF1E2CD}
	EndGlobalSection
EndGlobal
